
Microsoft Visual Studio Solution File, Format Version 12.00
# Visual Studio Version 16
VisualStudioVersion = 16.0.32929.386
MinimumVisualStudioVersion = 10.0.40219.1
Project("{FAE04EC0-301F-11D3-BF4B-00C04F79EFBC}") = "ConsoleApp4", "ConsoleApp4\ConsoleApp4.csproj", "{EC14F9A8-E7B3-40C7-9065-AE3B60259F05}"
EndProject
Global
	GlobalSection(SolutionConfigurationPlatforms) = preSolution
		Debug|Any CPU = Debug|Any CPU
		Release|Any CPU = Release|Any CPU
	EndGlobalSection
	GlobalSection(ProjectConfigurationPlatforms) = postSolution
		{EC14F9A8-E7B3-40C7-9065-AE3B60259F05}.Debug|Any CPU.ActiveCfg = Debug|Any CPU
		{EC14F9A8-E7B3-40C7-9065-AE3B60259F05}.Debug|Any CPU.Build.0 = Debug|Any CPU
		{EC14F9A8-E7B3-40C7-9065-AE3B60259F05}.Release|Any CPU.ActiveCfg = Release|Any CPU
		{EC14F9A8-E7B3-40C7-9065-AE3B60259F05}.Release|Any CPU.Build.0 = Release|Any CPU
	EndGlobalSection
	GlobalSection(SolutionProperties) = preSolution
		HideSolutionNode = FALSE
	EndGlobalSection
	GlobalSection(ExtensibilityGlobals) = postSolution
		SolutionGuid = {ABE72C75-2D6C-4DF5-B19D-462427181153}
	EndGlobalSection
EndGlobal
